
Microsoft Visual Studio Solution File, Format Version 12.00
# Visual Studio 15
VisualStudioVersion = 15.0.26730.12
MinimumVisualStudioVersion = 10.0.40219.1
Project("{9A19103F-16F7-4668-BE54-9A1E7A4F7556}") = "DebateApp.db", "DebateApp.db\DebateApp.db.csproj", "{D525E343-AB69-491F-9794-8E22D5D93FA9}"
EndProject
Project("{9A19103F-16F7-4668-BE54-9A1E7A4F7556}") = "DebateAppDB.test", "DebateAppDB.test\DebateAppDB.test.csproj", "{B199AFDE-E982-49E3-9996-D197EE863748}"
	ProjectSection(ProjectDependencies) = postProject
		{D525E343-AB69-491F-9794-8E22D5D93FA9} = {D525E343-AB69-491F-9794-8E22D5D93FA9}
	EndProjectSection
EndProject
Project("{FAE04EC0-301F-11D3-BF4B-00C04F79EFBC}") = "DebateAppDB.dbRest", "DebateAppDB.dbRest\DebateAppDB.dbRest.csproj", "{93498179-361E-4B76-996B-8B60887EDC97}"
EndProject
Global
	GlobalSection(SolutionConfigurationPlatforms) = preSolution
		Debug|Any CPU = Debug|Any CPU
		Release|Any CPU = Release|Any CPU
	EndGlobalSection
	GlobalSection(ProjectConfigurationPlatforms) = postSolution
		{D525E343-AB69-491F-9794-8E22D5D93FA9}.Debug|Any CPU.ActiveCfg = Debug|Any CPU
		{D525E343-AB69-491F-9794-8E22D5D93FA9}.Debug|Any CPU.Build.0 = Debug|Any CPU
		{D525E343-AB69-491F-9794-8E22D5D93FA9}.Release|Any CPU.ActiveCfg = Release|Any CPU
		{D525E343-AB69-491F-9794-8E22D5D93FA9}.Release|Any CPU.Build.0 = Release|Any CPU
		{B199AFDE-E982-49E3-9996-D197EE863748}.Debug|Any CPU.ActiveCfg = Debug|Any CPU
		{B199AFDE-E982-49E3-9996-D197EE863748}.Debug|Any CPU.Build.0 = Debug|Any CPU
		{B199AFDE-E982-49E3-9996-D197EE863748}.Release|Any CPU.ActiveCfg = Release|Any CPU
		{B199AFDE-E982-49E3-9996-D197EE863748}.Release|Any CPU.Build.0 = Release|Any CPU
		{93498179-361E-4B76-996B-8B60887EDC97}.Debug|Any CPU.ActiveCfg = Debug|Any CPU
		{93498179-361E-4B76-996B-8B60887EDC97}.Debug|Any CPU.Build.0 = Debug|Any CPU
		{93498179-361E-4B76-996B-8B60887EDC97}.Release|Any CPU.ActiveCfg = Release|Any CPU
		{93498179-361E-4B76-996B-8B60887EDC97}.Release|Any CPU.Build.0 = Release|Any CPU
	EndGlobalSection
	GlobalSection(SolutionProperties) = preSolution
		HideSolutionNode = FALSE
	EndGlobalSection
	GlobalSection(ExtensibilityGlobals) = postSolution
		SolutionGuid = {B9229B0D-A5AE-4D1C-8F64-F9837D6ADA31}
	EndGlobalSection
EndGlobal
