
Microsoft Visual Studio Solution File, Format Version 12.00
# Visual Studio 15
VisualStudioVersion = 15.0.26730.12
MinimumVisualStudioVersion = 10.0.40219.1
Project("{9A19103F-16F7-4668-BE54-9A1E7A4F7556}") = "DebateApp.Client", "DebateApp.Client\DebateApp.Client.csproj", "{4994AC9C-851E-4395-8E82-FA30793F1143}"
EndProject
Project("{9A19103F-16F7-4668-BE54-9A1E7A4F7556}") = "MansionUI.Test", "MansionUI.Test\MansionUI.Test.csproj", "{388A4684-3805-47CB-946A-9A2FD49DAF8F}"
	ProjectSection(ProjectDependencies) = postProject
		{4994AC9C-851E-4395-8E82-FA30793F1143} = {4994AC9C-851E-4395-8E82-FA30793F1143}
	EndProjectSection
EndProject
Global
	GlobalSection(SolutionConfigurationPlatforms) = preSolution
		Debug|Any CPU = Debug|Any CPU
		Release|Any CPU = Release|Any CPU
	EndGlobalSection
	GlobalSection(ProjectConfigurationPlatforms) = postSolution
		{4994AC9C-851E-4395-8E82-FA30793F1143}.Debug|Any CPU.ActiveCfg = Debug|Any CPU
		{4994AC9C-851E-4395-8E82-FA30793F1143}.Debug|Any CPU.Build.0 = Debug|Any CPU
		{4994AC9C-851E-4395-8E82-FA30793F1143}.Release|Any CPU.ActiveCfg = Release|Any CPU
		{4994AC9C-851E-4395-8E82-FA30793F1143}.Release|Any CPU.Build.0 = Release|Any CPU
		{388A4684-3805-47CB-946A-9A2FD49DAF8F}.Debug|Any CPU.ActiveCfg = Debug|Any CPU
		{388A4684-3805-47CB-946A-9A2FD49DAF8F}.Debug|Any CPU.Build.0 = Debug|Any CPU
		{388A4684-3805-47CB-946A-9A2FD49DAF8F}.Release|Any CPU.ActiveCfg = Release|Any CPU
		{388A4684-3805-47CB-946A-9A2FD49DAF8F}.Release|Any CPU.Build.0 = Release|Any CPU
	EndGlobalSection
	GlobalSection(SolutionProperties) = preSolution
		HideSolutionNode = FALSE
	EndGlobalSection
	GlobalSection(ExtensibilityGlobals) = postSolution
		SolutionGuid = {80499854-D7EF-4865-BB41-A0C2CDC52F79}
	EndGlobalSection
EndGlobal
