
Microsoft Visual Studio Solution File, Format Version 12.00
# Visual Studio 15
VisualStudioVersion = 15.0.26730.12
MinimumVisualStudioVersion = 10.0.40219.1
Project("{9A19103F-16F7-4668-BE54-9A1E7A4F7556}") = "DebateApp.Client", "DebateApp.Client\DebateApp.Client.csproj", "{4994AC9C-851E-4395-8E82-FA30793F1143}"
	ProjectSection(ProjectDependencies) = postProject
		{479152A7-8726-455B-84E6-D8DC624EB090} = {479152A7-8726-455B-84E6-D8DC624EB090}
	EndProjectSection
EndProject
Project("{9A19103F-16F7-4668-BE54-9A1E7A4F7556}") = "DebateApp.Test", "DebateApp.Test\DebateApp.Test.csproj", "{38B73214-50C3-4F57-8708-F5518F05013F}"
	ProjectSection(ProjectDependencies) = postProject
		{D525E343-AB69-491F-9794-8E22D5D93FA9} = {D525E343-AB69-491F-9794-8E22D5D93FA9}
		{4994AC9C-851E-4395-8E82-FA30793F1143} = {4994AC9C-851E-4395-8E82-FA30793F1143}
		{479152A7-8726-455B-84E6-D8DC624EB090} = {479152A7-8726-455B-84E6-D8DC624EB090}
	EndProjectSection
EndProject
Project("{9A19103F-16F7-4668-BE54-9A1E7A4F7556}") = "DebateApp.Domain", "DebateApp.Domain\DebateApp.Domain.csproj", "{479152A7-8726-455B-84E6-D8DC624EB090}"
	ProjectSection(ProjectDependencies) = postProject
		{D525E343-AB69-491F-9794-8E22D5D93FA9} = {D525E343-AB69-491F-9794-8E22D5D93FA9}
	EndProjectSection
EndProject
Project("{9A19103F-16F7-4668-BE54-9A1E7A4F7556}") = "DebateApp.db", "DebateApp.db\DebateApp.db.csproj", "{D525E343-AB69-491F-9794-8E22D5D93FA9}"
EndProject
Project("{FAE04EC0-301F-11D3-BF4B-00C04F79EFBC}") = "DebateApp.DbRest", "DebateApp.DbRest\DebateApp.DbRest.csproj", "{30C34C44-88CE-40DB-9765-8F8510A9A130}"
EndProject
Global
	GlobalSection(SolutionConfigurationPlatforms) = preSolution
		Debug|Any CPU = Debug|Any CPU
		Release|Any CPU = Release|Any CPU
	EndGlobalSection
	GlobalSection(ProjectConfigurationPlatforms) = postSolution
		{4994AC9C-851E-4395-8E82-FA30793F1143}.Debug|Any CPU.ActiveCfg = Debug|Any CPU
		{4994AC9C-851E-4395-8E82-FA30793F1143}.Debug|Any CPU.Build.0 = Debug|Any CPU
		{4994AC9C-851E-4395-8E82-FA30793F1143}.Release|Any CPU.ActiveCfg = Release|Any CPU
		{4994AC9C-851E-4395-8E82-FA30793F1143}.Release|Any CPU.Build.0 = Release|Any CPU
		{38B73214-50C3-4F57-8708-F5518F05013F}.Debug|Any CPU.ActiveCfg = Debug|Any CPU
		{38B73214-50C3-4F57-8708-F5518F05013F}.Debug|Any CPU.Build.0 = Debug|Any CPU
		{38B73214-50C3-4F57-8708-F5518F05013F}.Release|Any CPU.ActiveCfg = Release|Any CPU
		{38B73214-50C3-4F57-8708-F5518F05013F}.Release|Any CPU.Build.0 = Release|Any CPU
		{479152A7-8726-455B-84E6-D8DC624EB090}.Debug|Any CPU.ActiveCfg = Debug|Any CPU
		{479152A7-8726-455B-84E6-D8DC624EB090}.Debug|Any CPU.Build.0 = Debug|Any CPU
		{479152A7-8726-455B-84E6-D8DC624EB090}.Release|Any CPU.ActiveCfg = Release|Any CPU
		{479152A7-8726-455B-84E6-D8DC624EB090}.Release|Any CPU.Build.0 = Release|Any CPU
		{D525E343-AB69-491F-9794-8E22D5D93FA9}.Debug|Any CPU.ActiveCfg = Debug|Any CPU
		{D525E343-AB69-491F-9794-8E22D5D93FA9}.Debug|Any CPU.Build.0 = Debug|Any CPU
		{D525E343-AB69-491F-9794-8E22D5D93FA9}.Release|Any CPU.ActiveCfg = Release|Any CPU
		{D525E343-AB69-491F-9794-8E22D5D93FA9}.Release|Any CPU.Build.0 = Release|Any CPU
		{30C34C44-88CE-40DB-9765-8F8510A9A130}.Debug|Any CPU.ActiveCfg = Debug|Any CPU
		{30C34C44-88CE-40DB-9765-8F8510A9A130}.Debug|Any CPU.Build.0 = Debug|Any CPU
		{30C34C44-88CE-40DB-9765-8F8510A9A130}.Release|Any CPU.ActiveCfg = Release|Any CPU
		{30C34C44-88CE-40DB-9765-8F8510A9A130}.Release|Any CPU.Build.0 = Release|Any CPU
	EndGlobalSection
	GlobalSection(SolutionProperties) = preSolution
		HideSolutionNode = FALSE
	EndGlobalSection
	GlobalSection(ExtensibilityGlobals) = postSolution
		SolutionGuid = {0032657F-A747-48B3-B217-689913E471B8}
	EndGlobalSection
EndGlobal
